
Microsoft Visual Studio Solution File, Format Version 12.00
# Visual Studio 15
VisualStudioVersion = 15.0.27428.2011
MinimumVisualStudioVersion = 10.0.40219.1
Project("{FAE04EC0-301F-11D3-BF4B-00C04F79EFBC}") = "ElectronicDiary", "ElectronicDiary\ElectronicDiary.csproj", "{538D5DD3-E999-4338-81E0-96FCFA7D0404}"
EndProject
Project("{FAE04EC0-301F-11D3-BF4B-00C04F79EFBC}") = "Diary.DAL", "Diary.DAL\Diary.DAL.csproj", "{E93150B2-0F8C-4C0C-9009-66E4FA7E9FFB}"
EndProject
Project("{FAE04EC0-301F-11D3-BF4B-00C04F79EFBC}") = "Diary.BLL", "Diary.BLL\Diary.BLL.csproj", "{00E74278-C383-4735-A54B-354077044881}"
EndProject
Global
	GlobalSection(SolutionConfigurationPlatforms) = preSolution
		Debug|Any CPU = Debug|Any CPU
		Release|Any CPU = Release|Any CPU
	EndGlobalSection
	GlobalSection(ProjectConfigurationPlatforms) = postSolution
		{538D5DD3-E999-4338-81E0-96FCFA7D0404}.Debug|Any CPU.ActiveCfg = Debug|Any CPU
		{538D5DD3-E999-4338-81E0-96FCFA7D0404}.Debug|Any CPU.Build.0 = Debug|Any CPU
		{538D5DD3-E999-4338-81E0-96FCFA7D0404}.Release|Any CPU.ActiveCfg = Release|Any CPU
		{538D5DD3-E999-4338-81E0-96FCFA7D0404}.Release|Any CPU.Build.0 = Release|Any CPU
		{E93150B2-0F8C-4C0C-9009-66E4FA7E9FFB}.Debug|Any CPU.ActiveCfg = Debug|Any CPU
		{E93150B2-0F8C-4C0C-9009-66E4FA7E9FFB}.Debug|Any CPU.Build.0 = Debug|Any CPU
		{E93150B2-0F8C-4C0C-9009-66E4FA7E9FFB}.Release|Any CPU.ActiveCfg = Release|Any CPU
		{E93150B2-0F8C-4C0C-9009-66E4FA7E9FFB}.Release|Any CPU.Build.0 = Release|Any CPU
		{00E74278-C383-4735-A54B-354077044881}.Debug|Any CPU.ActiveCfg = Debug|Any CPU
		{00E74278-C383-4735-A54B-354077044881}.Debug|Any CPU.Build.0 = Debug|Any CPU
		{00E74278-C383-4735-A54B-354077044881}.Release|Any CPU.ActiveCfg = Release|Any CPU
		{00E74278-C383-4735-A54B-354077044881}.Release|Any CPU.Build.0 = Release|Any CPU
	EndGlobalSection
	GlobalSection(SolutionProperties) = preSolution
		HideSolutionNode = FALSE
	EndGlobalSection
	GlobalSection(ExtensibilityGlobals) = postSolution
		SolutionGuid = {9C0D7ACD-562A-4858-AD77-24F0BF71E5B5}
	EndGlobalSection
EndGlobal
