{
  "requires": true,
  "lockfileVersion": 1,
  "dependencies": {
    "@angular/common": {
      "version": "7.2.0",
      "resolved": "https://registry.npmjs.org/@angular/common/-/common-7.2.0.tgz",
      "integrity": "sha512-5HNGT+XsY+7sQcNoFRqhbUfVdnBAtXaupmMbBclnQHTon9y9Ijp0ocYi7zxx39feo6xYF5HhBMnDPkFgtAnsYQ==",
      "requires": {
        "tslib": "1.9.3"
      }
    },
    "@angular/core": {
      "version": "7.2.0",
      "resolved": "https://registry.npmjs.org/@angular/core/-/core-7.2.0.tgz",
      "integrity": "sha512-tlCDDM9IknXvVLk1sg0lzCO4OREM54i1bFtTpl5kPtugK6l4kYCOH78UzDPHnOzzI3LGLj8Hb2NiObVa9c4fdg==",
      "requires": {
        "tslib": "1.9.3"
      }
    },
    "@types/chart.js": {
      "version": "2.7.52",
      "resolved": "https://registry.npmjs.org/@types/chart.js/-/chart.js-2.7.52.tgz",
      "integrity": "sha512-h4Md9c0FYPoqHyPeo3sG+wBIDFGz6GubulKUopsmFkSSW2ieyI2phjlj+FjqzTwhrWwR9dbw/HlCW3axj+tWug=="
    },
    "chart.js": {
      "version": "2.8.0",
      "resolved": "https://registry.npmjs.org/chart.js/-/chart.js-2.8.0.tgz",
      "integrity": "sha512-Di3wUL4BFvqI5FB5K26aQ+hvWh8wnP9A3DWGvXHVkO13D3DSnaSsdZx29cXlEsYKVkn1E2az+ZYFS4t0zi8x0w==",
      "requires": {
        "chartjs-color": "2.3.0",
        "moment": "2.24.0"
      }
    },
    "chartjs-color": {
      "version": "2.3.0",
      "resolved": "https://registry.npmjs.org/chartjs-color/-/chartjs-color-2.3.0.tgz",
      "integrity": "sha512-hEvVheqczsoHD+fZ+tfPUE+1+RbV6b+eksp2LwAhwRTVXEjCSEavvk+Hg3H6SZfGlPh/UfmWKGIvZbtobOEm3g==",
      "requires": {
        "chartjs-color-string": "0.6.0",
        "color-convert": "0.5.3"
      }
    },
    "chartjs-color-string": {
      "version": "0.6.0",
      "resolved": "https://registry.npmjs.org/chartjs-color-string/-/chartjs-color-string-0.6.0.tgz",
      "integrity": "sha512-TIB5OKn1hPJvO7JcteW4WY/63v6KwEdt6udfnDE9iCAZgy+V4SrbSxoIbTw/xkUIapjEI4ExGtD0+6D3KyFd7A==",
      "requires": {
        "color-name": "1.1.4"
      }
    },
    "chartjs-plugin-datalabels": {
      "version": "0.6.0",
      "resolved": "https://registry.npmjs.org/chartjs-plugin-datalabels/-/chartjs-plugin-datalabels-0.6.0.tgz",
      "integrity": "sha512-3APqqeqVHlxjusTO0hETfNjq9HWCISLkjxQfAKgbnTfjZe60knOzVxDAgLGnpRvnzQvZUtwSlnJX2MHIuIUe8w=="
    },
    "color-convert": {
      "version": "0.5.3",
      "resolved": "https://registry.npmjs.org/color-convert/-/color-convert-0.5.3.tgz",
      "integrity": "sha1-vbbGnOZg+t/+CwAHzER+G59ygr0="
    },
    "color-name": {
      "version": "1.1.4",
      "resolved": "https://registry.npmjs.org/color-name/-/color-name-1.1.4.tgz",
      "integrity": "sha512-dOy+3AuW3a2wNbZHIuMZpTcgjGuLU/uBL/ubcZF9OXbDo8ff4O8yVp5Bf0efS8uEoYo5q4Fx7dY9OgQGXgAsQA=="
    },
    "lodash": {
      "version": "4.17.11",
      "resolved": "https://registry.npmjs.org/lodash/-/lodash-4.17.11.tgz",
      "integrity": "sha512-cQKh8igo5QUhZ7lg38DYWAxMvjSAKG0A8wGSVimP07SIUEK2UO+arSRKbRZWtelMtN5V0Hkwh5ryOto/SshYIg=="
    },
    "moment": {
      "version": "2.24.0",
      "resolved": "https://registry.npmjs.org/moment/-/moment-2.24.0.tgz",
      "integrity": "sha512-bV7f+6l2QigeBBZSM/6yTNq4P2fNpSWj/0e7jQcy87A8e7o2nAfP/34/2ky5Vw4B9S446EtIhodAzkFCcR4dQg=="
    },
    "ng2-charts": {
      "version": "2.2.3",
      "resolved": "https://registry.npmjs.org/ng2-charts/-/ng2-charts-2.2.3.tgz",
      "integrity": "sha512-Kxj2bewn537xGFVkR7AgDmfqV+YH4hIL4R36EjlUI9WCWnphzY+VKZGX+D+usXd8e+znuqly+sbGHjddLxupUA==",
      "requires": {
        "@types/chart.js": "2.7.52",
        "lodash": "4.17.11",
        "tslib": "1.9.3"
      }
    },
    "rxjs": {
      "version": "6.5.2",
      "resolved": "https://registry.npmjs.org/rxjs/-/rxjs-6.5.2.tgz",
      "integrity": "sha512-HUb7j3kvb7p7eCUHE3FqjoDsC1xfZQ4AHFWfTKSpZ+sAhhz5X1WX0ZuUqWbzB2QhSLp3DoLUG+hMdEDKqWo2Zg==",
      "requires": {
        "tslib": "1.9.3"
      }
    },
    "tslib": {
      "version": "1.9.3",
      "resolved": "https://registry.npmjs.org/tslib/-/tslib-1.9.3.tgz",
      "integrity": "sha512-4krF8scpejhaOgqzBEcGM7yDIEfi0/8+8zDRZhNZZ2kjmHJ4hv3zCbQWxoJGz1iw5U0Jl0nma13xzHXcncMavQ=="
    },
    "zone.js": {
      "version": "0.8.29",
      "resolved": "https://registry.npmjs.org/zone.js/-/zone.js-0.8.29.tgz",
      "integrity": "sha512-mla2acNCMkWXBD+c+yeUrBUrzOxYMNFdQ6FGfigGGtEVBPJx07BQeJekjt9DmH1FtZek4E9rE1eRR9qQpxACOQ=="
    }
  }
}
